
Microsoft Visual Studio Solution File, Format Version 12.00
# Visual Studio Version 17
VisualStudioVersion = 17.11.35312.102
MinimumVisualStudioVersion = 10.0.40219.1
Project("{9A19103F-16F7-4668-BE54-9A1E7A4F7556}") = "MainApp", "ProductExamination_One\MainApp.csproj", "{BACB8019-D495-42F9-9010-C695E32DAB1A}"
EndProject
Project("{9A19103F-16F7-4668-BE54-9A1E7A4F7556}") = "Resources", "Resources\Resources.csproj", "{5C1ACAC6-88FA-45C6-B2A9-0DA168BC4716}"
EndProject
Project("{FAE04EC0-301F-11D3-BF4B-00C04F79EFBC}") = "Resources.Tests", "Resources.Tests\Resources.Tests.csproj", "{6D7C4602-1BB4-41FF-A6AB-8197CAB99A5D}"
EndProject
Global
	GlobalSection(SolutionConfigurationPlatforms) = preSolution
		Debug|Any CPU = Debug|Any CPU
		Release|Any CPU = Release|Any CPU
	EndGlobalSection
	GlobalSection(ProjectConfigurationPlatforms) = postSolution
		{BACB8019-D495-42F9-9010-C695E32DAB1A}.Debug|Any CPU.ActiveCfg = Debug|Any CPU
		{BACB8019-D495-42F9-9010-C695E32DAB1A}.Debug|Any CPU.Build.0 = Debug|Any CPU
		{BACB8019-D495-42F9-9010-C695E32DAB1A}.Release|Any CPU.ActiveCfg = Release|Any CPU
		{BACB8019-D495-42F9-9010-C695E32DAB1A}.Release|Any CPU.Build.0 = Release|Any CPU
		{5C1ACAC6-88FA-45C6-B2A9-0DA168BC4716}.Debug|Any CPU.ActiveCfg = Debug|Any CPU
		{5C1ACAC6-88FA-45C6-B2A9-0DA168BC4716}.Debug|Any CPU.Build.0 = Debug|Any CPU
		{5C1ACAC6-88FA-45C6-B2A9-0DA168BC4716}.Release|Any CPU.ActiveCfg = Release|Any CPU
		{5C1ACAC6-88FA-45C6-B2A9-0DA168BC4716}.Release|Any CPU.Build.0 = Release|Any CPU
		{6D7C4602-1BB4-41FF-A6AB-8197CAB99A5D}.Debug|Any CPU.ActiveCfg = Debug|Any CPU
		{6D7C4602-1BB4-41FF-A6AB-8197CAB99A5D}.Debug|Any CPU.Build.0 = Debug|Any CPU
		{6D7C4602-1BB4-41FF-A6AB-8197CAB99A5D}.Release|Any CPU.ActiveCfg = Release|Any CPU
		{6D7C4602-1BB4-41FF-A6AB-8197CAB99A5D}.Release|Any CPU.Build.0 = Release|Any CPU
	EndGlobalSection
	GlobalSection(SolutionProperties) = preSolution
		HideSolutionNode = FALSE
	EndGlobalSection
	GlobalSection(ExtensibilityGlobals) = postSolution
		SolutionGuid = {DA051193-3877-4458-93C6-8E9FE9176E3A}
	EndGlobalSection
EndGlobal
